
Microsoft Visual Studio Solution File, Format Version 12.00
# Visual Studio Version 17
VisualStudioVersion = 17.14.36109.1 d17.14
MinimumVisualStudioVersion = 10.0.40219.1
Project("{FAE04EC0-301F-11D3-BF4B-00C04F79EFBC}") = "MagnaAI", "MagnaAI\MagnaAI.csproj", "{FE63B5CF-DBF5-419C-A520-C0EAE8B03BF4}"
EndProject
Global
	GlobalSection(SolutionConfigurationPlatforms) = preSolution
		Debug|Any CPU = Debug|Any CPU
		Release|Any CPU = Release|Any CPU
	EndGlobalSection
	GlobalSection(ProjectConfigurationPlatforms) = postSolution
		{FE63B5CF-DBF5-419C-A520-C0EAE8B03BF4}.Debug|Any CPU.ActiveCfg = Debug|Any CPU
		{FE63B5CF-DBF5-419C-A520-C0EAE8B03BF4}.Debug|Any CPU.Build.0 = Debug|Any CPU
		{FE63B5CF-DBF5-419C-A520-C0EAE8B03BF4}.Release|Any CPU.ActiveCfg = Release|Any CPU
		{FE63B5CF-DBF5-419C-A520-C0EAE8B03BF4}.Release|Any CPU.Build.0 = Release|Any CPU
	EndGlobalSection
	GlobalSection(SolutionProperties) = preSolution
		HideSolutionNode = FALSE
	EndGlobalSection
	GlobalSection(ExtensibilityGlobals) = postSolution
		SolutionGuid = {34CE3FA3-3D9C-4805-B932-77A30EB3BC11}
	EndGlobalSection
EndGlobal
